
Microsoft Visual Studio Solution File, Format Version 12.00
# Visual Studio Version 16
VisualStudioVersion = 16.0.31410.357
MinimumVisualStudioVersion = 10.0.40219.1
Project("{2150E333-8FDC-42A3-9474-1A3956D46DE8}") = "1.UI", "1.UI", "{3F5F682C-EA36-4687-AC2B-5FA02BA11A9A}"
EndProject
Project("{2150E333-8FDC-42A3-9474-1A3956D46DE8}") = "2.Domain", "2.Domain", "{552C6A3C-9808-44B0-90D7-1383C435E2CE}"
EndProject
Project("{2150E333-8FDC-42A3-9474-1A3956D46DE8}") = "3.Repository", "3.Repository", "{12F7A58E-D294-4D4D-9045-D0CC06055727}"
EndProject
Project("{2150E333-8FDC-42A3-9474-1A3956D46DE8}") = "4.API", "4.API", "{83BD67F1-ADAD-49BA-A891-A751637C02D3}"
EndProject
Project("{FAE04EC0-301F-11D3-BF4B-00C04F79EFBC}") = "samsung.sedac.alligatormanagerproject.Api", "samsung.sedac.alligatormanagerproject.Api\samsung.sedac.alligatormanagerproject.Api.csproj", "{28E971E8-DB0D-40A2-A3EB-CF0CA8675F41}"
EndProject
Global
	GlobalSection(SolutionConfigurationPlatforms) = preSolution
		Debug|Any CPU = Debug|Any CPU
		Release|Any CPU = Release|Any CPU
	EndGlobalSection
	GlobalSection(ProjectConfigurationPlatforms) = postSolution
		{28E971E8-DB0D-40A2-A3EB-CF0CA8675F41}.Debug|Any CPU.ActiveCfg = Debug|Any CPU
		{28E971E8-DB0D-40A2-A3EB-CF0CA8675F41}.Debug|Any CPU.Build.0 = Debug|Any CPU
		{28E971E8-DB0D-40A2-A3EB-CF0CA8675F41}.Release|Any CPU.ActiveCfg = Release|Any CPU
		{28E971E8-DB0D-40A2-A3EB-CF0CA8675F41}.Release|Any CPU.Build.0 = Release|Any CPU
	EndGlobalSection
	GlobalSection(SolutionProperties) = preSolution
		HideSolutionNode = FALSE
	EndGlobalSection
	GlobalSection(NestedProjects) = preSolution
		{28E971E8-DB0D-40A2-A3EB-CF0CA8675F41} = {83BD67F1-ADAD-49BA-A891-A751637C02D3}
	EndGlobalSection
	GlobalSection(ExtensibilityGlobals) = postSolution
		SolutionGuid = {301D6B42-0EB9-4856-8EB4-1719C825BB3C}
	EndGlobalSection
EndGlobal
